Microsoft Visual Studio Solution File, Format Version 12.00
# Visual Studio Version 17
VisualStudioVersion = 17.5.2.0
MinimumVisualStudioVersion = 10.0.40219.1
Project("{FAE04EC0-301F-11D3-BF4B-00C04F79EFBC}") = "DoAnWeb", "DoAnWeb.csproj", "{8110B8DE-A1F2-134E-226A-E4CC5669A041}"
EndProject
Global
	GlobalSection(SolutionConfigurationPlatforms) = preSolution
		Debug|Any CPU = Debug|Any CPU
		Release|Any CPU = Release|Any CPU
	EndGlobalSection
	GlobalSection(ProjectConfigurationPlatforms) = postSolution
		{8110B8DE-A1F2-134E-226A-E4CC5669A041}.Debug|Any CPU.ActiveCfg = Debug|Any CPU
		{8110B8DE-A1F2-134E-226A-E4CC5669A041}.Debug|Any CPU.Build.0 = Debug|Any CPU
		{8110B8DE-A1F2-134E-226A-E4CC5669A041}.Release|Any CPU.ActiveCfg = Release|Any CPU
		{8110B8DE-A1F2-134E-226A-E4CC5669A041}.Release|Any CPU.Build.0 = Release|Any CPU
	EndGlobalSection
	GlobalSection(SolutionProperties) = preSolution
		HideSolutionNode = FALSE
	EndGlobalSection
	GlobalSection(ExtensibilityGlobals) = postSolution
		SolutionGuid = {F6512D9A-AFDD-491B-9543-0E8140D22619}
	EndGlobalSection
EndGlobal
